---
lockfileVersion: '9.0'

importers:

  .:
    configDependencies: {}
    packageManagerDependencies:
      pnpm:
        specifier: 12.4.2
        version: 12.4.2

packages:

  '@pnpm/exe.android-arm64@12.4.2':
    resolution: {integrity: sha512-E255MbcQ0V1577M2BV0ajWuP7KmTPYA0jqZnk3rK6Lq3kTvZWulMMb7iqRmnLsQbyWTkMEB2CfyM70loVDA8xg==}
    cpu: [arm64]
    os: [android]

  '@pnpm/exe.android-x64@12.4.2':
    resolution: {integrity: sha512-J1pSeCUwuKxMG70ZzpWn8JzElxiEa8NN/3N0SlZRtU2xbztChaJCKF3HaBNIj9yPfeofWzJo/lwNvDDjraQuZw==}
    cpu: [x64]
    os: [android]

  '@pnpm/exe.darwin-arm64@12.4.2':
    resolution: {integrity: sha512-A0WDo8iErfZBXgrLseQxw8i8Y9ctUpOEl/Uu+cubnTzpD8tT9ykIB548L8YTM2WD4OS+ZOHSxy8aGZcvKq8PaQ==}
    cpu: [arm64]
    os: [darwin]

  '@pnpm/exe.darwin-x64@12.4.2':
    resolution: {integrity: sha512-MSgJdovBWHcb5DEOvfPH9yNi/T5O1Xa4ess+E1ESGo/5yuty7S4JoiIjami+fsNXfnoQMlwsMUqYU4zAvBcNCw==}
    cpu: [x64]
    os: [darwin]

  '@pnpm/exe.freebsd-x64@12.4.2':
    resolution: {integrity: sha512-h2YumlQSNvgbRPv+RXwABohX65f9bOBZn+jMIt7bFDISZPCzQ+Nvpt6Awbp4ip5PwQgYxbu5iREJ1fHE39Fm8A==}
    cpu: [x64]
    os: [freebsd]

  '@pnpm/exe.linux-arm64-musl@12.4.2':
    resolution: {integrity: sha512-LwSEtSEDTv6S51YLs3YvSkPyun/QmfMic1UGICUkPWFu6ByP43RdMlkKvmVkfGhAYCpnxO057vrmyJqtfZrPCA==}
    cpu: [arm64]
    os: [linux]
    libc: [musl]

  '@pnpm/exe.linux-arm64@12.4.2':
    resolution: {integrity: sha512-2dSiDXyhx+RTHsewxex8f/jVjqQXWJ2oow4kCVHEWdZKeBpgMxvZ6fHkTAUBJXgqhbKIDHvuNlZBP7gJfUWL5A==}
    cpu: [arm64]
    os: [linux]
    libc: [glibc]

  '@pnpm/exe.linux-ppc64@12.4.2':
    resolution: {integrity: sha512-8Itc+jQk+MTz04LS9D1RcH+VctAWmzM4l1cJQ+Sx7pAJNo7EKHdRMbC0Tok1jyQ7eEHNJZD5EleYneZqWfZM+g==}
    cpu: [ppc64]
    os: [linux]
    libc: [glibc]

  '@pnpm/exe.linux-riscv64@12.4.2':
    resolution: {integrity: sha512-hleOeqhTVpH+z9RVMGnxvU4ZnrkBUClWjCbHD9u6kwyqhGSpevoU1wTGish+CBRhmIgMAy9pAfFpqhbAKOKNfw==}
    cpu: [riscv64]
    os: [linux]
    libc: [glibc]

  '@pnpm/exe.linux-s390x@12.4.2':
    resolution: {integrity: sha512-LAsQRRdP9aToENR6dtcIJ9l+e1zMYOX0tQcLGpRyLPVBQcYRLlvAPcmDshsiIHQjp05SDa9FI0czX1ZQ1a7a/A==}
    cpu: [s390x]
    os: [linux]
    libc: [glibc]

  '@pnpm/exe.linux-x64-musl@12.4.2':
    resolution: {integrity: sha512-kzfzH2/0BWdTABK14Yj5a1xsdkTEQUp2eXEPNakaD9jKL025lq3hyaKHIz/gIZaPDMe/1bFFK/En4ztFlbBJxw==}
    cpu: [x64]
    os: [linux]
    libc: [musl]

  '@pnpm/exe.linux-x64@12.4.2':
    resolution: {integrity: sha512-/pbt0UVTa8NMDhzOWLQRfZ6G9ROKXlJPZtx845BqyWfc7hCrWXhTLBd70yO2y8+E+IWN3oHM1s/JsIQNGk1yvg==}
    cpu: [x64]
    os: [linux]
    libc: [glibc]

  '@pnpm/exe.win32-arm64@12.4.2':
    resolution: {integrity: sha512-PsW19e4dAUNpZ0cS9flaxFuAmpt2dKlH/Vvi8TZ4qyJjjQzue/CEsWm+6wKVP4CJ7IT8RdL4qh+soOPWIgF2Zw==}
    cpu: [arm64]
    os: [win32]

  '@pnpm/exe.win32-x64@12.4.2':
    resolution: {integrity: sha512-+xGoeE0g55ztWvl8i5QqdmNfW3nIrTVcoQrNshEOwxthm9Ag48oXton3uxOA3/SANyz5AXexEjj2KO20NnOrEw==}
    cpu: [x64]
    os: [win32]

  pnpm@12.4.2:
    resolution: {integrity: sha512-CK3GYTGAJ1x8ntraOdzwjJxhrU5+rzMKTzRh8QKw+QdCNFTRF/mOctR/7wYWBwZE17/8lzpqV/UJCm18NosHyQ==}
    engines: {node: '>=18.*'}
    hasBin: true

snapshots:

  '@pnpm/exe.android-arm64@12.4.2':
    optional: true

  '@pnpm/exe.android-x64@12.4.2':
    optional: true

  '@pnpm/exe.darwin-arm64@12.4.2':
    optional: true

  '@pnpm/exe.darwin-x64@12.4.2':
    optional: true

  '@pnpm/exe.freebsd-x64@12.4.2':
    optional: true

  '@pnpm/exe.linux-arm64-musl@12.4.2':
    optional: true

  '@pnpm/exe.linux-arm64@12.4.2':
    optional: true

  '@pnpm/exe.linux-ppc64@12.4.2':
    optional: true

  '@pnpm/exe.linux-riscv64@12.4.2':
    optional: true

  '@pnpm/exe.linux-s390x@12.4.2':
    optional: true

  '@pnpm/exe.linux-x64-musl@12.4.2':
    optional: true

  '@pnpm/exe.linux-x64@12.4.2':
    optional: true

  '@pnpm/exe.win32-arm64@12.4.2':
    optional: true

  '@pnpm/exe.win32-x64@12.4.2':
    optional: true

  pnpm@12.4.2:
    optionalDependencies:
      '@pnpm/exe.android-arm64': 12.4.2
      '@pnpm/exe.android-x64': 12.4.2
      '@pnpm/exe.darwin-arm64': 12.4.2
      '@pnpm/exe.darwin-x64': 12.4.2
      '@pnpm/exe.freebsd-x64': 12.4.2
      '@pnpm/exe.linux-arm64': 12.4.2
      '@pnpm/exe.linux-arm64-musl': 12.4.2
      '@pnpm/exe.linux-ppc64': 12.4.2
      '@pnpm/exe.linux-riscv64': 12.4.2
      '@pnpm/exe.linux-s390x': 12.4.2
      '@pnpm/exe.linux-x64': 12.4.2
      '@pnpm/exe.linux-x64-musl': 12.4.2
      '@pnpm/exe.win32-arm64': 12.4.2
      '@pnpm/exe.win32-x64': 12.4.2

---
lockfileVersion: '9.0'

settings:
  autoInstallPeers: true
  excludeLinksFromLockfile: false

importers:

  .:
    dependencies:
      '@hexium-softworks/log':
        specifier: ^1.0.1
        version: 1.0.1
      '@quenty/loader':
        specifier: 10.11.0
        version: 10.11.0
      '@quenty/maid':
        specifier: ^3.12.0
        version: 3.12.0
      '@quenty/promise':
        specifier: ^10.24.0
        version: 10.24.0
      '@quenty/remoting':
        specifier: ^12.44.1
        version: 12.44.1
      '@quenty/signal':
        specifier: ^7.13.2
        version: 7.13.2
      '@quenty/table':
        specifier: ^3.9.2
        version: 3.9.2
    devDependencies:
      '@quenty/nevermore-test-runner':
        specifier: 1.4.0
        version: 1.4.0
      '@quentystudios/jest-lua':
        specifier: 3.10.0-quenty.2
        version: 3.10.0-quenty.2

packages:

  '@hexium-softworks/log@1.0.1':
    resolution: {integrity: sha512-ikR7Thye+J9Nap2eHrJsac5bTiuipeuRz0b2zYnrvHrwqRjod6wbKOREjvCmISHmksACR4pP8JP/14iaqxNN0A==}

  '@quenty/baseobject@10.16.0':
    resolution: {integrity: sha512-9czIByHnoNMa4J7ZbhP4k1L8wtHMlKU0LqTTeiIhIQ0ndrUy+0JFh7gjHxQ9q3o+RJnCH5/UGicFhQupHGPsig==}

  '@quenty/bindable-utils@1.1.0':
    resolution: {integrity: sha512-aGm1i5g4rh+ioqzdoIAUNZCL71/Gzip27mibhRhyJRdFbde/tgFKgawpuQ+tm9VKcO4rXMadJAgTxzZmsQBa+A==}

  '@quenty/brio@14.37.0':
    resolution: {integrity: sha512-zZHGtStPVfRzvXTwC79cMuQ7VDeRA0r4m9rH+xXHrkinpAXu76R9VkBPnjacZM3ouNvr9ADj9Ic7dpFN2JDHfw==}

  '@quenty/cancellabledelay@3.6.2':
    resolution: {integrity: sha512-rBPP8nghqqBsq3g4z5APz9IaEU3OoB6AnqIuKc8oUK27YFlMW+WGE1BG8cAhE8rAD55a36007SLhPfJUiO8v4w==}

  '@quenty/canceltoken@11.25.0':
    resolution: {integrity: sha512-GYN6xl/O1MfT+ngjJ8KZqhiJFf9pL9fzaxsnjwVNQYVivTE8zcIWAettrxaYIrSGFvJCpWrnQU4SxzaTRUC3rA==}

  '@quenty/deferred@2.3.2':
    resolution: {integrity: sha512-/8C9cJtnsRa+hvmW5Q94JdZtUz+OUg1+oGq2/3PHTWCoVtmwLTxR+5AHpYzQKaitEIxAIQaZqhuhp5mOTMteTw==}

  '@quenty/ducktype@5.11.1':
    resolution: {integrity: sha512-voZyIelerRyKVhDPGW72yRIiRt/KhsLIOX0OqcIeL/oKOq5ZefCAgH3TQhsWTsJP3acoBXPRgQ0MTE5w8pecAw==}

  '@quenty/enums@1.3.1':
    resolution: {integrity: sha512-epFl6Cwf2CeIg6RuBjXlg3UIcUQmBD82bGFlwql6209Xb2hWVSBGIDYa0Z6ZAl5rmYUn9X+vAMWhuLFtRj1KTw==}

  '@quenty/enumutils@3.4.6':
    resolution: {integrity: sha512-go/K8zTLG8xQwciZxd+BB6qrFIifErufPGY96g9UcTmDhPaHMHozE7PuIdNpBlWPnPW1o+aWO5jN46mgmdUP9A==}

  '@quenty/instance-path@1.2.0':
    resolution: {integrity: sha512-xij0QDzIRI3GfULrxLIhFankFuJSf4aTRjG9apwh1slcTh4No8JfxxskJI5Yg+MlsPllhHPXRTw7bA8oPup5tg==}

  '@quenty/instanceutils@13.37.0':
    resolution: {integrity: sha512-SYyRnpV1BO7Ac+5f8Z048ZI1rkTJFDk6kDvwSnyrc3QLY7S/qZNnmIAOAb9Frze6iC3wL3cG66TH52bCsmJapw==}

  '@quenty/jestutils@1.1.0':
    resolution: {integrity: sha512-tX8FARjqCrVLnE173puBnoGrG60HVZ8kz/mciyKRNaQoSymmjiHY5Cp2PS0zEL6BySF7R+oumT8HqxC4/j9x2g==}

  '@quenty/loader@10.11.0':
    resolution: {integrity: sha512-dijfRLI2bouQjt9OG20aL7waEzJNzzFMXC3+NFm2meCQ7jvCTI5EgmW3eYZHmegFAzmrWtogbQPNR+pIb8T3Zg==}

  '@quenty/loader@10.11.1':
    resolution: {integrity: sha512-HPZhnFozgOIyShf6csD4Na3A1rTJrD6K6uERe069jC9iNaMdDj8qtgkdmqssK7SGaXV3l27h5kmbBDsryANOGA==}

  '@quenty/lrucache@1.10.1':
    resolution: {integrity: sha512-3uqc9/x5p8KgWhzchuX6niOYwDDGYgDFPXLz5BMDA9PzL6ElZGgsPPOsU6sndtqyckXXFtoRVI3TkDMOjMyu4w==}

  '@quenty/maid@3.12.0':
    resolution: {integrity: sha512-4WRNa6YypPMMYsj20ryHZ+X0h18psqZAMNahjsmCKZoYKOzv4gbofdBCs530ig+9o4Q78Z4roz2iSAwF1fruxg==}

  '@quenty/math@2.7.5':
    resolution: {integrity: sha512-tYOvmTwijqm1og6QdO+j9EDKSk0/0TCae83H1yUElYWuzV1PAG1Q18VT0Yk0q/05Uduulb2s3Dx6QmyI/qKSgA==}

  '@quenty/nevermore-test-runner@1.4.0':
    resolution: {integrity: sha512-mlscddpT+16AY3sW8mJoHoD4nDR94viNQ1sWKC0//bZRaTOHColG2YqE+p6uykeOPXMuwG87c4g0BgjSNJybHQ==}

  '@quenty/nevermore-test-runner@1.6.0':
    resolution: {integrity: sha512-P+ilZn+UCtPJ/LBIErEgZrRKASIBaJYdxaIx1ca8SM3zwY35TobcYsdZLfboBdhfyHz5Wgxvl42wIWQtuTpxSQ==}

  '@quenty/playermock@1.9.1':
    resolution: {integrity: sha512-PKimcbRR3/rdu1KUC0AM0HzYWAY+KuYEYAg1vppocXXFNIkwEYGdKBwaoLQcYnXG50fjoTid90ghsB5XPBrT8w==}

  '@quenty/promise@10.24.0':
    resolution: {integrity: sha512-6+pItWLKbnHC1HaBMxgmI7O9+23jpNCgOzK4Ynmqn1rNAJ48UO17b/L/JXfOTrzOIu1/jZ/mQ/JoFkFlgs09rg==}

  '@quenty/promisemaid@5.24.0':
    resolution: {integrity: sha512-XLKw5PygdM/xLyftiTPWlmBAlJuYuBfgOH/BDJMKVVMWIM/yEKxguf3ihKhDIX9Ksr9vkPCSYDv54IA7YkzZKA==}

  '@quenty/remotefunctionutils@10.24.0':
    resolution: {integrity: sha512-bMf09SOh2qZx6jRR3f2KiLiyYYJm64JJYsVSa18ieI7iCfoEiA3fMiEvjSqgG9LeQ3ip41jqf9EbTSGJARUsOQ==}

  '@quenty/remoting@12.44.1':
    resolution: {integrity: sha512-d0/JBns49C8fv7poUZswcvTty+JcrOK9OeVFYDB4kQe2AEKpKyZq83qK+oAMoXLmVIIGv3RXKjZnYRGuwTEDYw==}

  '@quenty/rx@13.34.0':
    resolution: {integrity: sha512-cp3Gg1431IcG4ZztbYeVQ71qZIkE3Qx4cc+FboEIHwlLIOX8984B9kBddnfFrimBAqLXTGsw+oUCEHv33klXLA==}

  '@quenty/servicebag@11.21.0':
    resolution: {integrity: sha512-iAWFdR2wL/+LuEB5sIQEXlLPT767XC7mGM3tVXxURLyBeECiGFj7vXs/bQWQ3FhqY3/DEp/JT/8fXDmDHII8Ig==}

  '@quenty/signal@7.13.2':
    resolution: {integrity: sha512-jOLfC8XLxZBr0vpjHA52UT3/hox6j6oa/DkGv6OL8ZMRLSVR5Ppr1O5eDRbIsdcze/yG/J9jQ2xWx8eHLBgPUw==}

  '@quenty/steputils@3.9.0':
    resolution: {integrity: sha512-rfFqG+m+32ZMldYjuK4bhQLRJTmlfacse9HoEgqGNznNlUAohAuWh7WDeVRwtAWSiC5zlR7VJ8E+PUSOMwJQLg==}

  '@quenty/symbol@3.5.2':
    resolution: {integrity: sha512-Opt3Pvdie3LDScZms7eTe+5rFUIRP4S1I7RFtiuyCF4XoDwJ2kjWO9bUNMX+zjumhaJ/96ZI5Y4D8mowyObs5Q==}

  '@quenty/table@3.9.2':
    resolution: {integrity: sha512-uU0XEiWk2CHtdhcBnM2F7sU7jljD/D0crntozfPLfyl4BOHT3oWNr0HF7IfrKVxVo3WnDj3KBXV6iMmYY6q9vQ==}

  '@quenty/throttle@10.15.0':
    resolution: {integrity: sha512-D4GLX9Zpr3vuAJ3rBB49lFT0YRCQipMdYpvcf/uIT4dzrnSkciZTER5VaFG4B18AmDLwHXhmV+wPAicQSH+XNg==}

  '@quenty/tuple@1.9.1':
    resolution: {integrity: sha512-aFfR8uhtlj4zZAyCWWkvvLRxmgtBBptA492KE5zHyfelRyGdoqHUfU8LBXJE/czxKuf96dV1Eu7MN/Nobn5cUw==}

  '@quenty/typeutils@1.3.1':
    resolution: {integrity: sha512-14+nzGAcxQSeseE7riDZq1j9G3ODnbz+az/fruuP7XTa1Z3a5t2PNozRJHmRatgrhUp77nj4ktxCdv8Hz1ushg==}

  '@quentystudios/jest-lua@3.10.0-quenty.2':
    resolution: {integrity: sha512-TE7vhnYjygcBjjqeKLsmbwxhJeiDeekh/E2xcvQ0VZAwHNr+Yn1pk1n/PRJu+KtH2fWYkw20pQO4o/hKPs0lRA==}

  '@quentystudios/t@3.0.0':
    resolution: {integrity: sha512-YUBaDzrs69scFgRpzASLOpcvxKho8oaUipyHO+A9z+aRW/ursRhzCXjRtPZ08uoU+fba/cohZuZMMGDMpncg1w==}

snapshots:

  '@hexium-softworks/log@1.0.1':
    dependencies:
      '@quenty/loader': 10.11.0

  '@quenty/baseobject@10.16.0':
    dependencies:
      '@quenty/loader': 10.11.1
      '@quenty/maid': 3.12.0

  '@quenty/bindable-utils@1.1.0':
    dependencies:
      '@quenty/loader': 10.11.1
      '@quenty/nevermore-test-runner': 1.6.0
      '@quenty/symbol': 3.5.2
      '@quentystudios/jest-lua': 3.10.0-quenty.2

  '@quenty/brio@14.37.0':
    dependencies:
      '@quenty/loader': 10.11.1
      '@quenty/maid': 3.12.0
      '@quenty/nevermore-test-runner': 1.6.0
      '@quenty/rx': 13.34.0
      '@quenty/signal': 7.13.2
      '@quenty/steputils': 3.9.0
      '@quenty/table': 3.9.2
      '@quentystudios/jest-lua': 3.10.0-quenty.2

  '@quenty/cancellabledelay@3.6.2': {}

  '@quenty/canceltoken@11.25.0':
    dependencies:
      '@quenty/ducktype': 5.11.1
      '@quenty/loader': 10.11.1
      '@quenty/maid': 3.12.0
      '@quenty/promise': 10.24.0
      '@quenty/signal': 7.13.2

  '@quenty/deferred@2.3.2': {}

  '@quenty/ducktype@5.11.1':
    dependencies:
      '@quenty/loader': 10.11.1

  '@quenty/enums@1.3.1':
    dependencies:
      '@quenty/loader': 10.11.1
      '@quentystudios/t': 3.0.0

  '@quenty/enumutils@3.4.6': {}

  '@quenty/instance-path@1.2.0':
    dependencies:
      '@quenty/loader': 10.11.1
      '@quenty/nevermore-test-runner': 1.6.0
      '@quentystudios/jest-lua': 3.10.0-quenty.2

  '@quenty/instanceutils@13.37.0':
    dependencies:
      '@quenty/brio': 14.37.0
      '@quenty/loader': 10.11.1
      '@quenty/maid': 3.12.0
      '@quenty/nevermore-test-runner': 1.6.0
      '@quenty/rx': 13.34.0
      '@quenty/symbol': 3.5.2
      '@quentystudios/jest-lua': 3.10.0-quenty.2

  '@quenty/jestutils@1.1.0':
    dependencies:
      '@quenty/loader': 10.11.1
      '@quenty/maid': 3.12.0
      '@quenty/nevermore-test-runner': 1.6.0
      '@quentystudios/jest-lua': 3.10.0-quenty.2

  '@quenty/loader@10.11.0': {}

  '@quenty/loader@10.11.1': {}

  '@quenty/lrucache@1.10.1':
    dependencies:
      '@quenty/loader': 10.11.1

  '@quenty/maid@3.12.0':
    dependencies:
      '@quenty/loader': 10.11.1
      '@quenty/nevermore-test-runner': 1.6.0
      '@quentystudios/jest-lua': 3.10.0-quenty.2

  '@quenty/math@2.7.5': {}

  '@quenty/nevermore-test-runner@1.4.0':
    dependencies:
      '@quenty/loader': 10.11.0
      '@quentystudios/jest-lua': 3.10.0-quenty.2

  '@quenty/nevermore-test-runner@1.6.0':
    dependencies:
      '@quenty/loader': 10.11.1
      '@quentystudios/jest-lua': 3.10.0-quenty.2

  '@quenty/playermock@1.9.1':
    dependencies:
      '@quenty/bindable-utils': 1.1.0
      '@quenty/enumutils': 3.4.6
      '@quenty/instance-path': 1.2.0
      '@quenty/jestutils': 1.1.0
      '@quenty/loader': 10.11.1
      '@quenty/maid': 3.12.0
      '@quenty/nevermore-test-runner': 1.6.0
      '@quenty/rx': 13.34.0
      '@quenty/servicebag': 11.21.0
      '@quenty/signal': 7.13.2
      '@quenty/steputils': 3.9.0
      '@quenty/table': 3.9.2
      '@quenty/tuple': 1.9.1
      '@quentystudios/jest-lua': 3.10.0-quenty.2
      '@quentystudios/t': 3.0.0

  '@quenty/promise@10.24.0':
    dependencies:
      '@quenty/deferred': 2.3.2
      '@quenty/loader': 10.11.1
      '@quenty/maid': 3.12.0
      '@quenty/math': 2.7.5
      '@quenty/nevermore-test-runner': 1.6.0
      '@quenty/signal': 7.13.2
      '@quentystudios/jest-lua': 3.10.0-quenty.2

  '@quenty/promisemaid@5.24.0':
    dependencies:
      '@quenty/loader': 10.11.1
      '@quenty/maid': 3.12.0
      '@quenty/nevermore-test-runner': 1.6.0
      '@quenty/promise': 10.24.0
      '@quentystudios/jest-lua': 3.10.0-quenty.2

  '@quenty/remotefunctionutils@10.24.0':
    dependencies:
      '@quenty/loader': 10.11.1
      '@quenty/promise': 10.24.0

  '@quenty/remoting@12.44.1':
    dependencies:
      '@quenty/baseobject': 10.16.0
      '@quenty/brio': 14.37.0
      '@quenty/enums': 1.3.1
      '@quenty/instanceutils': 13.37.0
      '@quenty/loader': 10.11.1
      '@quenty/maid': 3.12.0
      '@quenty/nevermore-test-runner': 1.6.0
      '@quenty/playermock': 1.9.1
      '@quenty/promise': 10.24.0
      '@quenty/promisemaid': 5.24.0
      '@quenty/remotefunctionutils': 10.24.0
      '@quenty/rx': 13.34.0
      '@quenty/servicebag': 11.21.0
      '@quenty/table': 3.9.2
      '@quentystudios/jest-lua': 3.10.0-quenty.2

  '@quenty/rx@13.34.0':
    dependencies:
      '@quenty/cancellabledelay': 3.6.2
      '@quenty/canceltoken': 11.25.0
      '@quenty/ducktype': 5.11.1
      '@quenty/loader': 10.11.1
      '@quenty/maid': 3.12.0
      '@quenty/nevermore-test-runner': 1.6.0
      '@quenty/promise': 10.24.0
      '@quenty/signal': 7.13.2
      '@quenty/symbol': 3.5.2
      '@quenty/table': 3.9.2
      '@quenty/throttle': 10.15.0
      '@quenty/typeutils': 1.3.1
      '@quentystudios/jest-lua': 3.10.0-quenty.2

  '@quenty/servicebag@11.21.0':
    dependencies:
      '@quenty/baseobject': 10.16.0
      '@quenty/loader': 10.11.1
      '@quenty/nevermore-test-runner': 1.6.0
      '@quenty/signal': 7.13.2
      '@quentystudios/jest-lua': 3.10.0-quenty.2

  '@quenty/signal@7.13.2':
    dependencies:
      '@quenty/loader': 10.11.1

  '@quenty/steputils@3.9.0':
    dependencies:
      '@quenty/jestutils': 1.1.0
      '@quenty/loader': 10.11.1
      '@quenty/maid': 3.12.0
      '@quenty/nevermore-test-runner': 1.6.0
      '@quentystudios/jest-lua': 3.10.0-quenty.2

  '@quenty/symbol@3.5.2': {}

  '@quenty/table@3.9.2': {}

  '@quenty/throttle@10.15.0':
    dependencies:
      '@quenty/loader': 10.11.1
      '@quenty/nevermore-test-runner': 1.6.0
      '@quenty/typeutils': 1.3.1
      '@quentystudios/jest-lua': 3.10.0-quenty.2

  '@quenty/tuple@1.9.1':
    dependencies:
      '@quenty/loader': 10.11.1
      '@quenty/lrucache': 1.10.1

  '@quenty/typeutils@1.3.1':
    dependencies:
      '@quenty/loader': 10.11.1

  '@quentystudios/jest-lua@3.10.0-quenty.2': {}

  '@quentystudios/t@3.0.0': {}
